// !$*UTF8*$!
{
	archiveVersion = 1;
	classes = {
	};
	objectVersion = 56;
	objects = {

/* Begin PBXBuildFile section */
		FB0779B22C0270FA00A18B97 /* GoogleService-Info.plist in Resources */ = {isa = PBXBuildFile; fileRef = FB0779B12C0270FA00A18B97 /* GoogleService-Info.plist */; };
		FB0779B72C0272D700A18B97 /* FirebaseAuth in Frameworks */ = {isa = PBXBuildFile; productRef = FB0779B62C0272D700A18B97 /* FirebaseAuth */; };
		FB0779B92C0272D700A18B97 /* FirebaseFirestore in Frameworks */ = {isa = PBXBuildFile; productRef = FB0779B82C0272D700A18B97 /* FirebaseFirestore */; };
		FB0779BB2C0272D700A18B97 /* FirebaseStorage in Frameworks */ = {isa = PBXBuildFile; productRef = FB0779BA2C0272D700A18B97 /* FirebaseStorage */; };
		FB0779BD2C02730900A18B97 /* AppDelegate.swift in Sources */ = {isa = PBXBuildFile; fileRef = FB0779BC2C02730900A18B97 /* AppDelegate.swift */; };
		FB0779C02C0278FD00A18B97 /* SignUpViewModel.swift in Sources */ = {isa = PBXBuildFile; fileRef = FB0779BF2C0278FD00A18B97 /* SignUpViewModel.swift */; };
		FB2FCDA32C0B7BCD00A8AF3E /* SearchView.swift in Sources */ = {isa = PBXBuildFile; fileRef = FB2FCDA22C0B7BCC00A8AF3E /* SearchView.swift */; };
		FB62ABFF2BF9264900792AB8 /* BarButtonView.swift in Sources */ = {isa = PBXBuildFile; fileRef = FB62ABFE2BF9264900792AB8 /* BarButtonView.swift */; };
		FB62AC032BF931DB00792AB8 /* Inputs.swift in Sources */ = {isa = PBXBuildFile; fileRef = FB62AC022BF931DB00792AB8 /* Inputs.swift */; };
		FB766A8C2BEFEB3400720245 /* spotify_clone_AApp.swift in Sources */ = {isa = PBXBuildFile; fileRef = FB766A8B2BEFEB3400720245 /* spotify_clone_AApp.swift */; };
		FB766A902BEFEB3500720245 /* Assets.xcassets in Resources */ = {isa = PBXBuildFile; fileRef = FB766A8F2BEFEB3500720245 /* Assets.xcassets */; };
		FB766A932BEFEB3500720245 /* Preview Assets.xcassets in Resources */ = {isa = PBXBuildFile; fileRef = FB766A922BEFEB3500720245 /* Preview Assets.xcassets */; };
		FB766A9F2BEFEBED00720245 /* SinginView.swift in Sources */ = {isa = PBXBuildFile; fileRef = FB766A9E2BEFEBED00720245 /* SinginView.swift */; };
		FB766AA12BEFF93B00720245 /* ButtonSwiftUIView.swift in Sources */ = {isa = PBXBuildFile; fileRef = FB766AA02BEFF93B00720245 /* ButtonSwiftUIView.swift */; };
		FB8428A62BFBAF07001CC7EE /* StepperButton.swift in Sources */ = {isa = PBXBuildFile; fileRef = FB8428A52BFBAF07001CC7EE /* StepperButton.swift */; };
		FB8428A82BFBB332001CC7EE /* SignUpview.swift in Sources */ = {isa = PBXBuildFile; fileRef = FB8428A72BFBB332001CC7EE /* SignUpview.swift */; };
		FBA9144B2C0B97B6004F82B3 /* AlbumView.swift in Sources */ = {isa = PBXBuildFile; fileRef = FBA9144A2C0B97B6004F82B3 /* AlbumView.swift */; };
		FBA9144D2C0B9C7D004F82B3 /* ListIcons.swift in Sources */ = {isa = PBXBuildFile; fileRef = FBA9144C2C0B9C7D004F82B3 /* ListIcons.swift */; };
		FBBBB82D2C27486C0067F836 /* MainView.swift in Sources */ = {isa = PBXBuildFile; fileRef = FBBBB82C2C27486C0067F836 /* MainView.swift */; };
		FBBBB82F2C2749ED0067F836 /* SearchhView.swift in Sources */ = {isa = PBXBuildFile; fileRef = FBBBB82E2C2749ED0067F836 /* SearchhView.swift */; };
		FBBBB8312C274A000067F836 /* LibraryView.swift in Sources */ = {isa = PBXBuildFile; fileRef = FBBBB8302C274A000067F836 /* LibraryView.swift */; };
		FBBBB8342C274EAD0067F836 /* LaunchScreen.storyboard in Resources */ = {isa = PBXBuildFile; fileRef = FBBBB8332C274EAD0067F836 /* LaunchScreen.storyboard */; };
		FBBBB8362C27520F0067F836 /* LaunchView.swift in Sources */ = {isa = PBXBuildFile; fileRef = FBBBB8352C27520F0067F836 /* LaunchView.swift */; };
		FBBBB8382C2753160067F836 /* AppState.swift in Sources */ = {isa = PBXBuildFile; fileRef = FBBBB8372C2753160067F836 /* AppState.swift */; };
		FBBBB83E2C275A6F0067F836 /* LaunchhViewModel.swift in Sources */ = {isa = PBXBuildFile; fileRef = FBBBB83D2C275A6F0067F836 /* LaunchhViewModel.swift */; };
		FBFB4A812C1E11B80072752B /* SongView.swift in Sources */ = {isa = PBXBuildFile; fileRef = FBFB4A802C1E11B80072752B /* SongView.swift */; };
		FBFB4A852C1E13440072752B /* Song.swift in Sources */ = {isa = PBXBuildFile; fileRef = FBFB4A842C1E13440072752B /* Song.swift */; };
		FBFB4A872C1E16340072752B /* SongViewModel.swift in Sources */ = {isa = PBXBuildFile; fileRef = FBFB4A862C1E16340072752B /* SongViewModel.swift */; };
/* End PBXBuildFile section */

/* Begin PBXFileReference section */
		FB0779B12C0270FA00A18B97 /* GoogleService-Info.plist */ = {isa = PBXFileReference; fileEncoding = 4; lastKnownFileType = text.plist.xml; path = "GoogleService-Info.plist"; sourceTree = "<group>"; };
		FB0779BC2C02730900A18B97 /* AppDelegate.swift */ = {isa = PBXFileReference; lastKnownFileType = sourcecode.swift; path = AppDelegate.swift; sourceTree = "<group>"; };
		FB0779BF2C0278FD00A18B97 /* SignUpViewModel.swift */ = {isa = PBXFileReference; lastKnownFileType = sourcecode.swift; path = SignUpViewModel.swift; sourceTree = "<group>"; };
		FB2FCDA22C0B7BCC00A8AF3E /* SearchView.swift */ = {isa = PBXFileReference; lastKnownFileType = sourcecode.swift; path = SearchView.swift; sourceTree = "<group>"; };
		FB62ABFE2BF9264900792AB8 /* BarButtonView.swift */ = {isa = PBXFileReference; lastKnownFileType = sourcecode.swift; path = BarButtonView.swift; sourceTree = "<group>"; };
		FB62AC022BF931DB00792AB8 /* Inputs.swift */ = {isa = PBXFileReference; lastKnownFileType = sourcecode.swift; path = Inputs.swift; sourceTree = "<group>"; };
		FB766A882BEFEB3400720245 /* spotify_clone_A.app */ = {isa = PBXFileReference; explicitFileType = wrapper.application; includeInIndex = 0; path = spotify_clone_A.app; sourceTree = BUILT_PRODUCTS_DIR; };
		FB766A8B2BEFEB3400720245 /* spotify_clone_AApp.swift */ = {isa = PBXFileReference; lastKnownFileType = sourcecode.swift; path = spotify_clone_AApp.swift; sourceTree = "<group>"; };
		FB766A8F2BEFEB3500720245 /* Assets.xcassets */ = {isa = PBXFileReference; lastKnownFileType = folder.assetcatalog; path = Assets.xcassets; sourceTree = "<group>"; };
		FB766A922BEFEB3500720245 /* Preview Assets.xcassets */ = {isa = PBXFileReference; lastKnownFileType = folder.assetcatalog; path = "Preview Assets.xcassets"; sourceTree = "<group>"; };
		FB766A9E2BEFEBED00720245 /* SinginView.swift */ = {isa = PBXFileReference; lastKnownFileType = sourcecode.swift; path = SinginView.swift; sourceTree = "<group>"; };
		FB766AA02BEFF93B00720245 /* ButtonSwiftUIView.swift */ = {isa = PBXFileReference; lastKnownFileType = sourcecode.swift; path = ButtonSwiftUIView.swift; sourceTree = "<group>"; };
		FB8428A52BFBAF07001CC7EE /* StepperButton.swift */ = {isa = PBXFileReference; lastKnownFileType = sourcecode.swift; path = StepperButton.swift; sourceTree = "<group>"; };
		FB8428A72BFBB332001CC7EE /* SignUpview.swift */ = {isa = PBXFileReference; lastKnownFileType = sourcecode.swift; path = SignUpview.swift; sourceTree = "<group>"; };
		FBA9144A2C0B97B6004F82B3 /* AlbumView.swift */ = {isa = PBXFileReference; lastKnownFileType = sourcecode.swift; path = AlbumView.swift; sourceTree = "<group>"; };
		FBA9144C2C0B9C7D004F82B3 /* ListIcons.swift */ = {isa = PBXFileReference; lastKnownFileType = sourcecode.swift; path = ListIcons.swift; sourceTree = "<group>"; };
		FBBBB82C2C27486C0067F836 /* MainView.swift */ = {isa = PBXFileReference; lastKnownFileType = sourcecode.swift; path = MainView.swift; sourceTree = "<group>"; };
		FBBBB82E2C2749ED0067F836 /* SearchhView.swift */ = {isa = PBXFileReference; lastKnownFileType = sourcecode.swift; path = SearchhView.swift; sourceTree = "<group>"; };
		FBBBB8302C274A000067F836 /* LibraryView.swift */ = {isa = PBXFileReference; lastKnownFileType = sourcecode.swift; path = LibraryView.swift; sourceTree = "<group>"; };
		FBBBB8332C274EAD0067F836 /* LaunchScreen.storyboard */ = {isa = PBXFileReference; lastKnownFileType = file.storyboard; path = LaunchScreen.storyboard; sourceTree = "<group>"; };
		FBBBB8352C27520F0067F836 /* LaunchView.swift */ = {isa = PBXFileReference; lastKnownFileType = sourcecode.swift; path = LaunchView.swift; sourceTree = "<group>"; };
		FBBBB8372C2753160067F836 /* AppState.swift */ = {isa = PBXFileReference; lastKnownFileType = sourcecode.swift; path = AppState.swift; sourceTree = "<group>"; };
		FBBBB83D2C275A6F0067F836 /* LaunchhViewModel.swift */ = {isa = PBXFileReference; lastKnownFileType = sourcecode.swift; path = LaunchhViewModel.swift; sourceTree = "<group>"; };
		FBFB4A802C1E11B80072752B /* SongView.swift */ = {isa = PBXFileReference; lastKnownFileType = sourcecode.swift; path = SongView.swift; sourceTree = "<group>"; };
		FBFB4A842C1E13440072752B /* Song.swift */ = {isa = PBXFileReference; lastKnownFileType = sourcecode.swift; path = Song.swift; sourceTree = "<group>"; };
		FBFB4A862C1E16340072752B /* SongViewModel.swift */ = {isa = PBXFileReference; lastKnownFileType = sourcecode.swift; path = SongViewModel.swift; sourceTree = "<group>"; };
/* End PBXFileReference section */

/* Begin PBXFrameworksBuildPhase section */
		FB766A852BEFEB3400720245 /* Frameworks */ = {
			isa = PBXFrameworksBuildPhase;
			buildActionMask = 2147483647;
			files = (
				FB0779B72C0272D700A18B97 /* FirebaseAuth in Frameworks */,
				FB0779B92C0272D700A18B97 /* FirebaseFirestore in Frameworks */,
				FB0779BB2C0272D700A18B97 /* FirebaseStorage in Frameworks */,
			);
			runOnlyForDeploymentPostprocessing = 0;
		};
/* End PBXFrameworksBuildPhase section */

/* Begin PBXGroup section */
		FB0779BE2C0278C500A18B97 /* viewModels */ = {
			isa = PBXGroup;
			children = (
				FB0779BF2C0278FD00A18B97 /* SignUpViewModel.swift */,
				FBFB4A862C1E16340072752B /* SongViewModel.swift */,
				FBBBB83D2C275A6F0067F836 /* LaunchhViewModel.swift */,
			);
			path = viewModels;
			sourceTree = "<group>";
		};
		FB62AC012BF931C200792AB8 /* moock */ = {
			isa = PBXGroup;
			children = (
				FB62AC022BF931DB00792AB8 /* Inputs.swift */,
			);
			path = moock;
			sourceTree = "<group>";
		};
		FB766A7F2BEFEB3400720245 = {
			isa = PBXGroup;
			children = (
				FB766A8A2BEFEB3400720245 /* spotify_clone_A */,
				FB766A892BEFEB3400720245 /* Products */,
			);
			sourceTree = "<group>";
		};
		FB766A892BEFEB3400720245 /* Products */ = {
			isa = PBXGroup;
			children = (
				FB766A882BEFEB3400720245 /* spotify_clone_A.app */,
			);
			name = Products;
			sourceTree = "<group>";
		};
		FB766A8A2BEFEB3400720245 /* spotify_clone_A */ = {
			isa = PBXGroup;
			children = (
				FBBBB8322C274E2E0067F836 /* onboarding */,
				FBBBB82B2C2748500067F836 /* main */,
				FBFB4A832C1E13320072752B /* Models */,
				FBFB4A7F2C1E11580072752B /* SScreens */,
				FB0779BE2C0278C500A18B97 /* viewModels */,
				FB0779B12C0270FA00A18B97 /* GoogleService-Info.plist */,
				FB62AC012BF931C200792AB8 /* moock */,
				FB766A8B2BEFEB3400720245 /* spotify_clone_AApp.swift */,
				FBA9144A2C0B97B6004F82B3 /* AlbumView.swift */,
				FB8428A72BFBB332001CC7EE /* SignUpview.swift */,
				FB766A9E2BEFEBED00720245 /* SinginView.swift */,
				FB2FCDA22C0B7BCC00A8AF3E /* SearchView.swift */,
				FBA9144C2C0B9C7D004F82B3 /* ListIcons.swift */,
				FB8428A52BFBAF07001CC7EE /* StepperButton.swift */,
				FB62ABFE2BF9264900792AB8 /* BarButtonView.swift */,
				FB0779BC2C02730900A18B97 /* AppDelegate.swift */,
				FB766AA02BEFF93B00720245 /* ButtonSwiftUIView.swift */,
				FB766A8F2BEFEB3500720245 /* Assets.xcassets */,
				FB766A912BEFEB3500720245 /* Preview Content */,
				FBBBB8372C2753160067F836 /* AppState.swift */,
			);
			path = spotify_clone_A;
			sourceTree = "<group>";
		};
		FB766A912BEFEB3500720245 /* Preview Content */ = {
			isa = PBXGroup;
			children = (
				FB766A922BEFEB3500720245 /* Preview Assets.xcassets */,
			);
			path = "Preview Content";
			sourceTree = "<group>";
		};
		FBBBB82B2C2748500067F836 /* main */ = {
			isa = PBXGroup;
			children = (
				FBBBB82C2C27486C0067F836 /* MainView.swift */,
			);
			path = main;
			sourceTree = "<group>";
		};
		FBBBB8322C274E2E0067F836 /* onboarding */ = {
			isa = PBXGroup;
			children = (
				FBBBB8332C274EAD0067F836 /* LaunchScreen.storyboard */,
				FBBBB8352C27520F0067F836 /* LaunchView.swift */,
			);
			path = onboarding;
			sourceTree = "<group>";
		};
		FBFB4A7F2C1E11580072752B /* SScreens */ = {
			isa = PBXGroup;
			children = (
				FBFB4A802C1E11B80072752B /* SongView.swift */,
				FBBBB82E2C2749ED0067F836 /* SearchhView.swift */,
				FBBBB8302C274A000067F836 /* LibraryView.swift */,
			);
			path = SScreens;
			sourceTree = "<group>";
		};
		FBFB4A832C1E13320072752B /* Models */ = {
			isa = PBXGroup;
			children = (
				FBFB4A842C1E13440072752B /* Song.swift */,
			);
			path = Models;
			sourceTree = "<group>";
		};
/* End PBXGroup section */

/* Begin PBXNativeTarget section */
		FB766A872BEFEB3400720245 /* spotify_clone_A */ = {
			isa = PBXNativeTarget;
			buildConfigurationList = FB766A9B2BEFEB3500720245 /* Build configuration list for PBXNativeTarget "spotify_clone_A" */;
			buildPhases = (
				FB766A842BEFEB3400720245 /* Sources */,
				FB766A852BEFEB3400720245 /* Frameworks */,
				FB766A862BEFEB3400720245 /* Resources */,
			);
			buildRules = (
			);
			dependencies = (
			);
			name = spotify_clone_A;
			packageProductDependencies = (
				FB0779B62C0272D700A18B97 /* FirebaseAuth */,
				FB0779B82C0272D700A18B97 /* FirebaseFirestore */,
				FB0779BA2C0272D700A18B97 /* FirebaseStorage */,
			);
			productName = spotify_clone_A;
			productReference = FB766A882BEFEB3400720245 /* spotify_clone_A.app */;
			productType = "com.apple.product-type.application";
		};
/* End PBXNativeTarget section */

/* Begin PBXProject section */
		FB766A802BEFEB3400720245 /* Project object */ = {
			isa = PBXProject;
			attributes = {
				BuildIndependentTargetsInParallel = 1;
				LastSwiftUpdateCheck = 1520;
				LastUpgradeCheck = 1520;
				TargetAttributes = {
					FB766A872BEFEB3400720245 = {
						CreatedOnToolsVersion = 15.2;
					};
				};
			};
			buildConfigurationList = FB766A832BEFEB3400720245 /* Build configuration list for PBXProject "spotify_clone_A" */;
			compatibilityVersion = "Xcode 14.0";
			developmentRegion = en;
			hasScannedForEncodings = 0;
			knownRegions = (
				en,
				Base,
			);
			mainGroup = FB766A7F2BEFEB3400720245;
			packageReferences = (
				FB0779B52C0272D700A18B97 /* XCRemoteSwiftPackageReference "firebase-ios-sdk" */,
			);
			productRefGroup = FB766A892BEFEB3400720245 /* Products */;
			projectDirPath = "";
			projectRoot = "";
			targets = (
				FB766A872BEFEB3400720245 /* spotify_clone_A */,
			);
		};
/* End PBXProject section */

/* Begin PBXResourcesBuildPhase section */
		FB766A862BEFEB3400720245 /* Resources */ = {
			isa = PBXResourcesBuildPhase;
			buildActionMask = 2147483647;
			files = (
				FB766A932BEFEB3500720245 /* Preview Assets.xcassets in Resources */,
				FBBBB8342C274EAD0067F836 /* LaunchScreen.storyboard in Resources */,
				FB766A902BEFEB3500720245 /* Assets.xcassets in Resources */,
				FB0779B22C0270FA00A18B97 /* GoogleService-Info.plist in Resources */,
			);
			runOnlyForDeploymentPostprocessing = 0;
		};
/* End PBXResourcesBuildPhase section */

/* Begin PBXSourcesBuildPhase section */
		FB766A842BEFEB3400720245 /* Sources */ = {
			isa = PBXSourcesBuildPhase;
			buildActionMask = 2147483647;
			files = (
				FBFB4A852C1E13440072752B /* Song.swift in Sources */,
				FBA9144B2C0B97B6004F82B3 /* AlbumView.swift in Sources */,
				FB2FCDA32C0B7BCD00A8AF3E /* SearchView.swift in Sources */,
				FBBBB83E2C275A6F0067F836 /* LaunchhViewModel.swift in Sources */,
				FB8428A82BFBB332001CC7EE /* SignUpview.swift in Sources */,
				FBBBB8312C274A000067F836 /* LibraryView.swift in Sources */,
				FBFB4A872C1E16340072752B /* SongViewModel.swift in Sources */,
				FB62ABFF2BF9264900792AB8 /* BarButtonView.swift in Sources */,
				FBBBB8362C27520F0067F836 /* LaunchView.swift in Sources */,
				FB62AC032BF931DB00792AB8 /* Inputs.swift in Sources */,
				FBBBB82F2C2749ED0067F836 /* SearchhView.swift in Sources */,
				FB8428A62BFBAF07001CC7EE /* StepperButton.swift in Sources */,
				FBBBB8382C2753160067F836 /* AppState.swift in Sources */,
				FBA9144D2C0B9C7D004F82B3 /* ListIcons.swift in Sources */,
				FBBBB82D2C27486C0067F836 /* MainView.swift in Sources */,
				FB0779C02C0278FD00A18B97 /* SignUpViewModel.swift in Sources */,
				FB766AA12BEFF93B00720245 /* ButtonSwiftUIView.swift in Sources */,
				FB766A9F2BEFEBED00720245 /* SinginView.swift in Sources */,
				FBFB4A812C1E11B80072752B /* SongView.swift in Sources */,
				FB766A8C2BEFEB3400720245 /* spotify_clone_AApp.swift in Sources */,
				FB0779BD2C02730900A18B97 /* AppDelegate.swift in Sources */,
			);
			runOnlyForDeploymentPostprocessing = 0;
		};
/* End PBXSourcesBuildPhase section */

/* Begin XCBuildConfiguration section */
		FB766A992BEFEB3500720245 /* Debug */ = {
			isa = XCBuildConfiguration;
			buildSettings = {
				ALWAYS_SEARCH_USER_PATHS = NO;
				ASSETCATALOG_COMPILER_GENERATE_SWIFT_ASSET_SYMBOL_EXTENSIONS = YES;
				CLANG_ANALYZER_NONNULL = YES;
				CLANG_ANALYZER_NUMBER_OBJECT_CONVERSION = YES_AGGRESSIVE;
				CLANG_CXX_LANGUAGE_STANDARD = "gnu++20";
				CLANG_ENABLE_MODULES = YES;
				CLANG_ENABLE_OBJC_ARC = YES;
				CLANG_ENABLE_OBJC_WEAK = YES;
				CLANG_WARN_BLOCK_CAPTURE_AUTORELEASING = YES;
				CLANG_WARN_BOOL_CONVERSION = YES;
				CLANG_WARN_COMMA = YES;
				CLANG_WARN_CONSTANT_CONVERSION = YES;
				CLANG_WARN_DEPRECATED_OBJC_IMPLEMENTATIONS = YES;
				CLANG_WARN_DIRECT_OBJC_ISA_USAGE = YES_ERROR;
				CLANG_WARN_DOCUMENTATION_COMMENTS = YES;
				CLANG_WARN_EMPTY_BODY = YES;
				CLANG_WARN_ENUM_CONVERSION = YES;
				CLANG_WARN_INFINITE_RECURSION = YES;
				CLANG_WARN_INT_CONVERSION = YES;
				CLANG_WARN_NON_LITERAL_NULL_CONVERSION = YES;
				CLANG_WARN_OBJC_IMPLICIT_RETAIN_SELF = YES;
				CLANG_WARN_OBJC_LITERAL_CONVERSION = YES;
				CLANG_WARN_OBJC_ROOT_CLASS = YES_ERROR;
				CLANG_WARN_QUOTED_INCLUDE_IN_FRAMEWORK_HEADER = YES;
				CLANG_WARN_RANGE_LOOP_ANALYSIS = YES;
				CLANG_WARN_STRICT_PROTOTYPES = YES;
				CLANG_WARN_SUSPICIOUS_MOVE = YES;
				CLANG_WARN_UNGUARDED_AVAILABILITY = YES_AGGRESSIVE;
				CLANG_WARN_UNREACHABLE_CODE = YES;
				CLANG_WARN__DUPLICATE_METHOD_MATCH = YES;
				COPY_PHASE_STRIP = NO;
				DEBUG_INFORMATION_FORMAT = dwarf;
				ENABLE_STRICT_OBJC_MSGSEND = YES;
				ENABLE_TESTABILITY = YES;
				ENABLE_USER_SCRIPT_SANDBOXING = YES;
				GCC_C_LANGUAGE_STANDARD = gnu17;
				GCC_DYNAMIC_NO_PIC = NO;
				GCC_NO_COMMON_BLOCKS = YES;
				GCC_OPTIMIZATION_LEVEL = 0;
				GCC_PREPROCESSOR_DEFINITIONS = (
					"DEBUG=1",
					"$(inherited)",
				);
				GCC_WARN_64_TO_32_BIT_CONVERSION = YES;
				GCC_WARN_ABOUT_RETURN_TYPE = YES_ERROR;
				GCC_WARN_UNDECLARED_SELECTOR = YES;
				GCC_WARN_UNINITIALIZED_AUTOS = YES_AGGRESSIVE;
				GCC_WARN_UNUSED_FUNCTION = YES;
				GCC_WARN_UNUSED_VARIABLE = YES;
				IPHONEOS_DEPLOYMENT_TARGET = 17.2;
				LOCALIZATION_PREFERS_STRING_CATALOGS = YES;
				MTL_ENABLE_DEBUG_INFO = INCLUDE_SOURCE;
				MTL_FAST_MATH = YES;
				ONLY_ACTIVE_ARCH = YES;
				SDKROOT = iphoneos;
				SWIFT_ACTIVE_COMPILATION_CONDITIONS = "DEBUG $(inherited)";
				SWIFT_OPTIMIZATION_LEVEL = "-Onone";
			};
			name = Debug;
		};
		FB766A9A2BEFEB3500720245 /* Release */ = {
			isa = XCBuildConfiguration;
			buildSettings = {
				ALWAYS_SEARCH_USER_PATHS = NO;
				ASSETCATALOG_COMPILER_GENERATE_SWIFT_ASSET_SYMBOL_EXTENSIONS = YES;
				CLANG_ANALYZER_NONNULL = YES;
				CLANG_ANALYZER_NUMBER_OBJECT_CONVERSION = YES_AGGRESSIVE;
				CLANG_CXX_LANGUAGE_STANDARD = "gnu++20";
				CLANG_ENABLE_MODULES = YES;
				CLANG_ENABLE_OBJC_ARC = YES;
				CLANG_ENABLE_OBJC_WEAK = YES;
				CLANG_WARN_BLOCK_CAPTURE_AUTORELEASING = YES;
				CLANG_WARN_BOOL_CONVERSION = YES;
				CLANG_WARN_COMMA = YES;
				CLANG_WARN_CONSTANT_CONVERSION = YES;
				CLANG_WARN_DEPRECATED_OBJC_IMPLEMENTATIONS = YES;
				CLANG_WARN_DIRECT_OBJC_ISA_USAGE = YES_ERROR;
				CLANG_WARN_DOCUMENTATION_COMMENTS = YES;
				CLANG_WARN_EMPTY_BODY = YES;
				CLANG_WARN_ENUM_CONVERSION = YES;
				CLANG_WARN_INFINITE_RECURSION = YES;
				CLANG_WARN_INT_CONVERSION = YES;
				CLANG_WARN_NON_LITERAL_NULL_CONVERSION = YES;
				CLANG_WARN_OBJC_IMPLICIT_RETAIN_SELF = YES;
				CLANG_WARN_OBJC_LITERAL_CONVERSION = YES;
				CLANG_WARN_OBJC_ROOT_CLASS = YES_ERROR;
				CLANG_WARN_QUOTED_INCLUDE_IN_FRAMEWORK_HEADER = YES;
				CLANG_WARN_RANGE_LOOP_ANALYSIS = YES;
				CLANG_WARN_STRICT_PROTOTYPES = YES;
				CLANG_WARN_SUSPICIOUS_MOVE = YES;
				CLANG_WARN_UNGUARDED_AVAILABILITY = YES_AGGRESSIVE;
				CLANG_WARN_UNREACHABLE_CODE = YES;
				CLANG_WARN__DUPLICATE_METHOD_MATCH = YES;
				COPY_PHASE_STRIP = NO;
				DEBUG_INFORMATION_FORMAT = "dwarf-with-dsym";
				ENABLE_NS_ASSERTIONS = NO;
				ENABLE_STRICT_OBJC_MSGSEND = YES;
				ENABLE_USER_SCRIPT_SANDBOXING = YES;
				GCC_C_LANGUAGE_STANDARD = gnu17;
				GCC_NO_COMMON_BLOCKS = YES;
				GCC_WARN_64_TO_32_BIT_CONVERSION = YES;
				GCC_WARN_ABOUT_RETURN_TYPE = YES_ERROR;
				GCC_WARN_UNDECLARED_SELECTOR = YES;
				GCC_WARN_UNINITIALIZED_AUTOS = YES_AGGRESSIVE;
				GCC_WARN_UNUSED_FUNCTION = YES;
				GCC_WARN_UNUSED_VARIABLE = YES;
				IPHONEOS_DEPLOYMENT_TARGET = 17.2;
				LOCALIZATION_PREFERS_STRING_CATALOGS = YES;
				MTL_ENABLE_DEBUG_INFO = NO;
				MTL_FAST_MATH = YES;
				SDKROOT = iphoneos;
				SWIFT_COMPILATION_MODE = wholemodule;
				VALIDATE_PRODUCT = YES;
			};
			name = Release;
		};
		FB766A9C2BEFEB3500720245 /* Debug */ = {
			isa = XCBuildConfiguration;
			buildSettings = {
				ASSETCATALOG_COMPILER_APPICON_NAME = AppIcon;
				ASSETCATALOG_COMPILER_GLOBAL_ACCENT_COLOR_NAME = AccentColor;
				CODE_SIGN_STYLE = Manual;
				CURRENT_PROJECT_VERSION = 1;
				DEVELOPMENT_ASSET_PATHS = "\"spotify_clone_A/Preview Content\"";
				DEVELOPMENT_TEAM = "";
				ENABLE_PREVIEWS = YES;
				GENERATE_INFOPLIST_FILE = YES;
				INFOPLIST_KEY_UIApplicationSceneManifest_Generation = YES;
				INFOPLIST_KEY_UIApplicationSupportsIndirectInputEvents = YES;
				INFOPLIST_KEY_UILaunchScreen_Generation = YES;
				INFOPLIST_KEY_UILaunchStoryboardName = LaunchScreen.storyboard;
				INFOPLIST_KEY_UISupportedInterfaceOrientations_iPad = "UIInterfaceOrientationPortrait UIInterfaceOrientationPortraitUpsideDown UIInterfaceOrientationLandscapeLeft UIInterfaceOrientationLandscapeRight";
				INFOPLIST_KEY_UISupportedInterfaceOrientations_iPhone = "UIInterfaceOrientationPortrait UIInterfaceOrientationLandscapeLeft UIInterfaceOrientationLandscapeRight";
				LD_RUNPATH_SEARCH_PATHS = (
					"$(inherited)",
					"@executable_path/Frameworks",
				);
				MARKETING_VERSION = 1.0;
				PRODUCT_BUNDLE_IDENTIFIER = "com.tecsup.spotify-clone-A";
				PRODUCT_NAME = "$(TARGET_NAME)";
				PROVISIONING_PROFILE_SPECIFIER = "";
				SWIFT_EMIT_LOC_STRINGS = YES;
				SWIFT_VERSION = 5.0;
				TARGETED_DEVICE_FAMILY = "1,2";
			};
			name = Debug;
		};
		FB766A9D2BEFEB3500720245 /* Release */ = {
			isa = XCBuildConfiguration;
			buildSettings = {
				ASSETCATALOG_COMPILER_APPICON_NAME = AppIcon;
				ASSETCATALOG_COMPILER_GLOBAL_ACCENT_COLOR_NAME = AccentColor;
				CODE_SIGN_STYLE = Manual;
				CURRENT_PROJECT_VERSION = 1;
				DEVELOPMENT_ASSET_PATHS = "\"spotify_clone_A/Preview Content\"";
				DEVELOPMENT_TEAM = "";
				ENABLE_PREVIEWS = YES;
				GENERATE_INFOPLIST_FILE = YES;
				INFOPLIST_KEY_UIApplicationSceneManifest_Generation = YES;
				INFOPLIST_KEY_UIApplicationSupportsIndirectInputEvents = YES;
				INFOPLIST_KEY_UILaunchScreen_Generation = YES;
				INFOPLIST_KEY_UILaunchStoryboardName = LaunchScreen.storyboard;
				INFOPLIST_KEY_UISupportedInterfaceOrientations_iPad = "UIInterfaceOrientationPortrait UIInterfaceOrientationPortraitUpsideDown UIInterfaceOrientationLandscapeLeft UIInterfaceOrientationLandscapeRight";
				INFOPLIST_KEY_UISupportedInterfaceOrientations_iPhone = "UIInterfaceOrientationPortrait UIInterfaceOrientationLandscapeLeft UIInterfaceOrientationLandscapeRight";
				LD_RUNPATH_SEARCH_PATHS = (
					"$(inherited)",
					"@executable_path/Frameworks",
				);
				MARKETING_VERSION = 1.0;
				PRODUCT_BUNDLE_IDENTIFIER = "com.tecsup.spotify-clone-A";
				PRODUCT_NAME = "$(TARGET_NAME)";
				PROVISIONING_PROFILE_SPECIFIER = "";
				SWIFT_EMIT_LOC_STRINGS = YES;
				SWIFT_VERSION = 5.0;
				TARGETED_DEVICE_FAMILY = "1,2";
			};
			name = Release;
		};
/* End XCBuildConfiguration section */

/* Begin XCConfigurationList section */
		FB766A832BEFEB3400720245 /* Build configuration list for PBXProject "spotify_clone_A" */ = {
			isa = XCConfigurationList;
			buildConfigurations = (
				FB766A992BEFEB3500720245 /* Debug */,
				FB766A9A2BEFEB3500720245 /* Release */,
			);
			defaultConfigurationIsVisible = 0;
			defaultConfigurationName = Release;
		};
		FB766A9B2BEFEB3500720245 /* Build configuration list for PBXNativeTarget "spotify_clone_A" */ = {
			isa = XCConfigurationList;
			buildConfigurations = (
				FB766A9C2BEFEB3500720245 /* Debug */,
				FB766A9D2BEFEB3500720245 /* Release */,
			);
			defaultConfigurationIsVisible = 0;
			defaultConfigurationName = Release;
		};
/* End XCConfigurationList section */

/* Begin XCRemoteSwiftPackageReference section */
		FB0779B52C0272D700A18B97 /* XCRemoteSwiftPackageReference "firebase-ios-sdk" */ = {
			isa = XCRemoteSwiftPackageReference;
			repositoryURL = "https://github.com/firebase/firebase-ios-sdk";
			requirement = {
				kind = upToNextMajorVersion;
				minimumVersion = 10.26.0;
			};
		};
/* End XCRemoteSwiftPackageReference section */

/* Begin XCSwiftPackageProductDependency section */
		FB0779B62C0272D700A18B97 /* FirebaseAuth */ = {
			isa = XCSwiftPackageProductDependency;
			package = FB0779B52C0272D700A18B97 /* XCRemoteSwiftPackageReference "firebase-ios-sdk" */;
			productName = FirebaseAuth;
		};
		FB0779B82C0272D700A18B97 /* FirebaseFirestore */ = {
			isa = XCSwiftPackageProductDependency;
			package = FB0779B52C0272D700A18B97 /* XCRemoteSwiftPackageReference "firebase-ios-sdk" */;
			productName = FirebaseFirestore;
		};
		FB0779BA2C0272D700A18B97 /* FirebaseStorage */ = {
			isa = XCSwiftPackageProductDependency;
			package = FB0779B52C0272D700A18B97 /* XCRemoteSwiftPackageReference "firebase-ios-sdk" */;
			productName = FirebaseStorage;
		};
/* End XCSwiftPackageProductDependency section */
	};
	rootObject = FB766A802BEFEB3400720245 /* Project object */;
}
